{
  "name": "file-api",
  "version": "0.10.4",
  "lockfileVersion": 1,
  "requires": true,
  "dependencies": {
    "File": {
      "version": "0.10.2",
      "resolved": "https://registry.npmjs.org/File/-/File-0.10.2.tgz",
      "integrity": "sha1-6Jn3dtJz4iQ7qGEFuzsFbQ+5VgQ=",
      "requires": {
        "mime": "1.6.0"
      }
    },
    "FileList": {
      "version": "0.10.2",
      "resolved": "https://registry.npmjs.org/FileList/-/FileList-0.10.2.tgz",
      "integrity": "sha1-YAOxqXFZNBZLZ8Q0rWqHQaHNFHo="
    },
    "bluebird": {
      "version": "2.11.0",
      "resolved": "https://registry.npmjs.org/bluebird/-/bluebird-2.11.0.tgz",
      "integrity": "sha1-U0uQM8AiyVecVro7Plpcqvu2UOE=",
      "optional": true
    },
    "bufferjs": {
      "version": "2.0.0",
      "resolved": "https://registry.npmjs.org/bufferjs/-/bufferjs-2.0.0.tgz",
      "integrity": "sha1-aF5x7VwGAOPXA/+b0BK7MnCjnig="
    },
    "filereader": {
      "version": "0.10.3",
      "resolved": "https://registry.npmjs.org/filereader/-/filereader-0.10.3.tgz",
      "integrity": "sha1-x0fUos2PYeVBinwH/hJXpD8KzbE="
    },
    "foreachasync": {
      "version": "5.0.5",
      "resolved": "https://registry.npmjs.org/foreachasync/-/foreachasync-5.0.5.tgz",
      "integrity": "sha1-ZSRhOuCN4h5vQPIkpIiPs/YH/oA=",
      "requires": {
        "bluebird": "2.11.0"
      }
    },
    "formdata": {
      "version": "0.10.4",
      "resolved": "https://registry.npmjs.org/formdata/-/formdata-0.10.4.tgz",
      "integrity": "sha1-liH9wMw2H0oBEd5dJbNfanjcVaA=",
      "requires": {
        "File": "0.10.2",
        "FileList": "0.10.2",
        "bufferjs": "2.0.0",
        "filereader": "0.10.3",
        "foreachasync": "3.0.0",
        "remedial": "1.0.7"
      },
      "dependencies": {
        "foreachasync": {
          "version": "3.0.0",
          "resolved": "https://registry.npmjs.org/foreachasync/-/foreachasync-3.0.0.tgz",
          "integrity": "sha1-VQKYfchxS+M5IJfzLgBxyd7gfPY="
        }
      }
    },
    "mime": {
      "version": "1.6.0",
      "resolved": "https://registry.npmjs.org/mime/-/mime-1.6.0.tgz",
      "integrity": "sha512-x0Vn8spI+wuJ1O6S7gnbaQg8Pxh4NNHb7KSINmEWKiPE4RKOplvijn+NkmYmmRgP68mc70j2EbeTFRsrswaQeg=="
    },
    "remedial": {
      "version": "1.0.7",
      "resolved": "https://registry.npmjs.org/remedial/-/remedial-1.0.7.tgz",
      "integrity": "sha1-1mdEE6ZWdgB74A3UAJgJh7LDAME="
    }
  }
}
